// !$*UTF8*$!
{
	archiveVersion = 1;
	classes = {
	};
	objectVersion = 56;
	objects = {

/* Begin PBXBuildFile section */
		E286A5672C8F12BE003FF67B /* NetworkTask.swift in Sources */ = {isa = PBXBuildFile; fileRef = E286A5662C8F12BE003FF67B /* NetworkTask.swift */; };
		E286A56A2C8F196F003FF67B /* UnsplashSearchRequest.swift in Sources */ = {isa = PBXBuildFile; fileRef = E286A5692C8F196F003FF67B /* UnsplashSearchRequest.swift */; };
		E286A56D2C8F19BE003FF67B /* SearchImageService.swift in Sources */ = {isa = PBXBuildFile; fileRef = E286A56C2C8F19BE003FF67B /* SearchImageService.swift */; };
		E286A5702C8F1A15003FF67B /* SearchResult.swift in Sources */ = {isa = PBXBuildFile; fileRef = E286A56F2C8F1A15003FF67B /* SearchResult.swift */; };
		E2D7CD0A2C8DEF3B00821746 /* AppDelegate.swift in Sources */ = {isa = PBXBuildFile; fileRef = E2D7CD092C8DEF3B00821746 /* AppDelegate.swift */; };
		E2D7CD0C2C8DEF3B00821746 /* SceneDelegate.swift in Sources */ = {isa = PBXBuildFile; fileRef = E2D7CD0B2C8DEF3B00821746 /* SceneDelegate.swift */; };
		E2D7CD0E2C8DEF3B00821746 /* MainViewController.swift in Sources */ = {isa = PBXBuildFile; fileRef = E2D7CD0D2C8DEF3B00821746 /* MainViewController.swift */; };
		E2D7CD132C8DEF3C00821746 /* Assets.xcassets in Resources */ = {isa = PBXBuildFile; fileRef = E2D7CD122C8DEF3C00821746 /* Assets.xcassets */; };
		E2D7CD162C8DEF3C00821746 /* Base in Resources */ = {isa = PBXBuildFile; fileRef = E2D7CD152C8DEF3C00821746 /* Base */; };
		E2D7CD212C8DF93E00821746 /* ImageCollectionViewCell.swift in Sources */ = {isa = PBXBuildFile; fileRef = E2D7CD202C8DF93E00821746 /* ImageCollectionViewCell.swift */; };
		E2D7CD232C8DFC4900821746 /* MainScreenViewModel.swift in Sources */ = {isa = PBXBuildFile; fileRef = E2D7CD222C8DFC4900821746 /* MainScreenViewModel.swift */; };
		E2D7CD282C8F0E9400821746 /* NetworkClient.swift in Sources */ = {isa = PBXBuildFile; fileRef = E2D7CD272C8F0E9400821746 /* NetworkClient.swift */; };
		E2D7CD2A2C8F104600821746 /* URLRequest + Ext.swift in Sources */ = {isa = PBXBuildFile; fileRef = E2D7CD292C8F104600821746 /* URLRequest + Ext.swift */; };
/* End PBXBuildFile section */

/* Begin PBXFileReference section */
		E286A5662C8F12BE003FF67B /* NetworkTask.swift */ = {isa = PBXFileReference; lastKnownFileType = sourcecode.swift; path = NetworkTask.swift; sourceTree = "<group>"; };
		E286A5692C8F196F003FF67B /* UnsplashSearchRequest.swift */ = {isa = PBXFileReference; lastKnownFileType = sourcecode.swift; path = UnsplashSearchRequest.swift; sourceTree = "<group>"; };
		E286A56C2C8F19BE003FF67B /* SearchImageService.swift */ = {isa = PBXFileReference; lastKnownFileType = sourcecode.swift; path = SearchImageService.swift; sourceTree = "<group>"; };
		E286A56F2C8F1A15003FF67B /* SearchResult.swift */ = {isa = PBXFileReference; lastKnownFileType = sourcecode.swift; path = SearchResult.swift; sourceTree = "<group>"; };
		E2D7CD062C8DEF3B00821746 /* ImageFeedTestApp.app */ = {isa = PBXFileReference; explicitFileType = wrapper.application; includeInIndex = 0; path = ImageFeedTestApp.app; sourceTree = BUILT_PRODUCTS_DIR; };
		E2D7CD092C8DEF3B00821746 /* AppDelegate.swift */ = {isa = PBXFileReference; lastKnownFileType = sourcecode.swift; path = AppDelegate.swift; sourceTree = "<group>"; };
		E2D7CD0B2C8DEF3B00821746 /* SceneDelegate.swift */ = {isa = PBXFileReference; lastKnownFileType = sourcecode.swift; path = SceneDelegate.swift; sourceTree = "<group>"; };
		E2D7CD0D2C8DEF3B00821746 /* MainViewController.swift */ = {isa = PBXFileReference; lastKnownFileType = sourcecode.swift; path = MainViewController.swift; sourceTree = "<group>"; };
		E2D7CD122C8DEF3C00821746 /* Assets.xcassets */ = {isa = PBXFileReference; lastKnownFileType = folder.assetcatalog; path = Assets.xcassets; sourceTree = "<group>"; };
		E2D7CD152C8DEF3C00821746 /* Base */ = {isa = PBXFileReference; lastKnownFileType = file.storyboard; name = Base; path = Base.lproj/LaunchScreen.storyboard; sourceTree = "<group>"; };
		E2D7CD172C8DEF3C00821746 /* Info.plist */ = {isa = PBXFileReference; lastKnownFileType = text.plist.xml; path = Info.plist; sourceTree = "<group>"; };
		E2D7CD202C8DF93E00821746 /* ImageCollectionViewCell.swift */ = {isa = PBXFileReference; lastKnownFileType = sourcecode.swift; path = ImageCollectionViewCell.swift; sourceTree = "<group>"; };
		E2D7CD222C8DFC4900821746 /* MainScreenViewModel.swift */ = {isa = PBXFileReference; lastKnownFileType = sourcecode.swift; path = MainScreenViewModel.swift; sourceTree = "<group>"; };
		E2D7CD272C8F0E9400821746 /* NetworkClient.swift */ = {isa = PBXFileReference; lastKnownFileType = sourcecode.swift; path = NetworkClient.swift; sourceTree = "<group>"; };
		E2D7CD292C8F104600821746 /* URLRequest + Ext.swift */ = {isa = PBXFileReference; lastKnownFileType = sourcecode.swift; path = "URLRequest + Ext.swift"; sourceTree = "<group>"; };
/* End PBXFileReference section */

/* Begin PBXFrameworksBuildPhase section */
		E2D7CD032C8DEF3B00821746 /* Frameworks */ = {
			isa = PBXFrameworksBuildPhase;
			buildActionMask = 2147483647;
			files = (
			);
			runOnlyForDeploymentPostprocessing = 0;
		};
/* End PBXFrameworksBuildPhase section */

/* Begin PBXGroup section */
		E286A5682C8F195E003FF67B /* Requests */ = {
			isa = PBXGroup;
			children = (
				E286A5692C8F196F003FF67B /* UnsplashSearchRequest.swift */,
			);
			path = Requests;
			sourceTree = "<group>";
		};
		E286A56B2C8F199B003FF67B /* Services */ = {
			isa = PBXGroup;
			children = (
				E286A56C2C8F19BE003FF67B /* SearchImageService.swift */,
			);
			path = Services;
			sourceTree = "<group>";
		};
		E286A56E2C8F1A08003FF67B /* Models */ = {
			isa = PBXGroup;
			children = (
				E286A56F2C8F1A15003FF67B /* SearchResult.swift */,
			);
			path = Models;
			sourceTree = "<group>";
		};
		E2D7CCFD2C8DEF3B00821746 = {
			isa = PBXGroup;
			children = (
				E2D7CD082C8DEF3B00821746 /* ImageFeedTestApp */,
				E2D7CD072C8DEF3B00821746 /* Products */,
			);
			sourceTree = "<group>";
		};
		E2D7CD072C8DEF3B00821746 /* Products */ = {
			isa = PBXGroup;
			children = (
				E2D7CD062C8DEF3B00821746 /* ImageFeedTestApp.app */,
			);
			name = Products;
			sourceTree = "<group>";
		};
		E2D7CD082C8DEF3B00821746 /* ImageFeedTestApp */ = {
			isa = PBXGroup;
			children = (
				E286A56B2C8F199B003FF67B /* Services */,
				E2D7CD262C8F0CEE00821746 /* NetworkLayer */,
				E2D7CD1D2C8DF80100821746 /* MainScreen */,
				E2D7CD1E2C8DF87700821746 /* App */,
				E2D7CD122C8DEF3C00821746 /* Assets.xcassets */,
				E2D7CD142C8DEF3C00821746 /* LaunchScreen.storyboard */,
				E2D7CD172C8DEF3C00821746 /* Info.plist */,
			);
			path = ImageFeedTestApp;
			sourceTree = "<group>";
		};
		E2D7CD1D2C8DF80100821746 /* MainScreen */ = {
			isa = PBXGroup;
			children = (
				E286A56E2C8F1A08003FF67B /* Models */,
				E2D7CD1F2C8DF90700821746 /* Cell */,
				E2D7CD0D2C8DEF3B00821746 /* MainViewController.swift */,
				E2D7CD222C8DFC4900821746 /* MainScreenViewModel.swift */,
			);
			path = MainScreen;
			sourceTree = "<group>";
		};
		E2D7CD1E2C8DF87700821746 /* App */ = {
			isa = PBXGroup;
			children = (
				E2D7CD092C8DEF3B00821746 /* AppDelegate.swift */,
				E2D7CD0B2C8DEF3B00821746 /* SceneDelegate.swift */,
			);
			path = App;
			sourceTree = "<group>";
		};
		E2D7CD1F2C8DF90700821746 /* Cell */ = {
			isa = PBXGroup;
			children = (
				E2D7CD202C8DF93E00821746 /* ImageCollectionViewCell.swift */,
			);
			path = Cell;
			sourceTree = "<group>";
		};
		E2D7CD262C8F0CEE00821746 /* NetworkLayer */ = {
			isa = PBXGroup;
			children = (
				E286A5682C8F195E003FF67B /* Requests */,
				E2D7CD272C8F0E9400821746 /* NetworkClient.swift */,
				E2D7CD292C8F104600821746 /* URLRequest + Ext.swift */,
				E286A5662C8F12BE003FF67B /* NetworkTask.swift */,
			);
			path = NetworkLayer;
			sourceTree = "<group>";
		};
/* End PBXGroup section */

/* Begin PBXNativeTarget section */
		E2D7CD052C8DEF3B00821746 /* ImageFeedTestApp */ = {
			isa = PBXNativeTarget;
			buildConfigurationList = E2D7CD1A2C8DEF3C00821746 /* Build configuration list for PBXNativeTarget "ImageFeedTestApp" */;
			buildPhases = (
				E2D7CD022C8DEF3B00821746 /* Sources */,
				E2D7CD032C8DEF3B00821746 /* Frameworks */,
				E2D7CD042C8DEF3B00821746 /* Resources */,
			);
			buildRules = (
			);
			dependencies = (
			);
			name = ImageFeedTestApp;
			productName = ImageFeedTestApp;
			productReference = E2D7CD062C8DEF3B00821746 /* ImageFeedTestApp.app */;
			productType = "com.apple.product-type.application";
		};
/* End PBXNativeTarget section */

/* Begin PBXProject section */
		E2D7CCFE2C8DEF3B00821746 /* Project object */ = {
			isa = PBXProject;
			attributes = {
				BuildIndependentTargetsInParallel = 1;
				LastSwiftUpdateCheck = 1540;
				LastUpgradeCheck = 1540;
				TargetAttributes = {
					E2D7CD052C8DEF3B00821746 = {
						CreatedOnToolsVersion = 15.4;
					};
				};
			};
			buildConfigurationList = E2D7CD012C8DEF3B00821746 /* Build configuration list for PBXProject "ImageFeedTestApp" */;
			compatibilityVersion = "Xcode 14.0";
			developmentRegion = en;
			hasScannedForEncodings = 0;
			knownRegions = (
				en,
				Base,
			);
			mainGroup = E2D7CCFD2C8DEF3B00821746;
			productRefGroup = E2D7CD072C8DEF3B00821746 /* Products */;
			projectDirPath = "";
			projectRoot = "";
			targets = (
				E2D7CD052C8DEF3B00821746 /* ImageFeedTestApp */,
			);
		};
/* End PBXProject section */

/* Begin PBXResourcesBuildPhase section */
		E2D7CD042C8DEF3B00821746 /* Resources */ = {
			isa = PBXResourcesBuildPhase;
			buildActionMask = 2147483647;
			files = (
				E2D7CD132C8DEF3C00821746 /* Assets.xcassets in Resources */,
				E2D7CD162C8DEF3C00821746 /* Base in Resources */,
			);
			runOnlyForDeploymentPostprocessing = 0;
		};
/* End PBXResourcesBuildPhase section */

/* Begin PBXSourcesBuildPhase section */
		E2D7CD022C8DEF3B00821746 /* Sources */ = {
			isa = PBXSourcesBuildPhase;
			buildActionMask = 2147483647;
			files = (
				E2D7CD2A2C8F104600821746 /* URLRequest + Ext.swift in Sources */,
				E286A56D2C8F19BE003FF67B /* SearchImageService.swift in Sources */,
				E2D7CD0E2C8DEF3B00821746 /* MainViewController.swift in Sources */,
				E286A56A2C8F196F003FF67B /* UnsplashSearchRequest.swift in Sources */,
				E2D7CD232C8DFC4900821746 /* MainScreenViewModel.swift in Sources */,
				E286A5672C8F12BE003FF67B /* NetworkTask.swift in Sources */,
				E2D7CD0A2C8DEF3B00821746 /* AppDelegate.swift in Sources */,
				E2D7CD282C8F0E9400821746 /* NetworkClient.swift in Sources */,
				E2D7CD212C8DF93E00821746 /* ImageCollectionViewCell.swift in Sources */,
				E286A5702C8F1A15003FF67B /* SearchResult.swift in Sources */,
				E2D7CD0C2C8DEF3B00821746 /* SceneDelegate.swift in Sources */,
			);
			runOnlyForDeploymentPostprocessing = 0;
		};
/* End PBXSourcesBuildPhase section */

/* Begin PBXVariantGroup section */
		E2D7CD142C8DEF3C00821746 /* LaunchScreen.storyboard */ = {
			isa = PBXVariantGroup;
			children = (
				E2D7CD152C8DEF3C00821746 /* Base */,
			);
			name = LaunchScreen.storyboard;
			sourceTree = "<group>";
		};
/* End PBXVariantGroup section */

/* Begin XCBuildConfiguration section */
		E2D7CD182C8DEF3C00821746 /* Debug */ = {
			isa = XCBuildConfiguration;
			buildSettings = {
				ALWAYS_SEARCH_USER_PATHS = NO;
				ASSETCATALOG_COMPILER_GENERATE_SWIFT_ASSET_SYMBOL_EXTENSIONS = YES;
				CLANG_ANALYZER_NONNULL = YES;
				CLANG_ANALYZER_NUMBER_OBJECT_CONVERSION = YES_AGGRESSIVE;
				CLANG_CXX_LANGUAGE_STANDARD = "gnu++20";
				CLANG_ENABLE_MODULES = YES;
				CLANG_ENABLE_OBJC_ARC = YES;
				CLANG_ENABLE_OBJC_WEAK = YES;
				CLANG_WARN_BLOCK_CAPTURE_AUTORELEASING = YES;
				CLANG_WARN_BOOL_CONVERSION = YES;
				CLANG_WARN_COMMA = YES;
				CLANG_WARN_CONSTANT_CONVERSION = YES;
				CLANG_WARN_DEPRECATED_OBJC_IMPLEMENTATIONS = YES;
				CLANG_WARN_DIRECT_OBJC_ISA_USAGE = YES_ERROR;
				CLANG_WARN_DOCUMENTATION_COMMENTS = YES;
				CLANG_WARN_EMPTY_BODY = YES;
				CLANG_WARN_ENUM_CONVERSION = YES;
				CLANG_WARN_INFINITE_RECURSION = YES;
				CLANG_WARN_INT_CONVERSION = YES;
				CLANG_WARN_NON_LITERAL_NULL_CONVERSION = YES;
				CLANG_WARN_OBJC_IMPLICIT_RETAIN_SELF = YES;
				CLANG_WARN_OBJC_LITERAL_CONVERSION = YES;
				CLANG_WARN_OBJC_ROOT_CLASS = YES_ERROR;
				CLANG_WARN_QUOTED_INCLUDE_IN_FRAMEWORK_HEADER = YES;
				CLANG_WARN_RANGE_LOOP_ANALYSIS = YES;
				CLANG_WARN_STRICT_PROTOTYPES = YES;
				CLANG_WARN_SUSPICIOUS_MOVE = YES;
				CLANG_WARN_UNGUARDED_AVAILABILITY = YES_AGGRESSIVE;
				CLANG_WARN_UNREACHABLE_CODE = YES;
				CLANG_WARN__DUPLICATE_METHOD_MATCH = YES;
				COPY_PHASE_STRIP = NO;
				DEBUG_INFORMATION_FORMAT = dwarf;
				ENABLE_STRICT_OBJC_MSGSEND = YES;
				ENABLE_TESTABILITY = YES;
				ENABLE_USER_SCRIPT_SANDBOXING = YES;
				GCC_C_LANGUAGE_STANDARD = gnu17;
				GCC_DYNAMIC_NO_PIC = NO;
				GCC_NO_COMMON_BLOCKS = YES;
				GCC_OPTIMIZATION_LEVEL = 0;
				GCC_PREPROCESSOR_DEFINITIONS = (
					"DEBUG=1",
					"$(inherited)",
				);
				GCC_WARN_64_TO_32_BIT_CONVERSION = YES;
				GCC_WARN_ABOUT_RETURN_TYPE = YES_ERROR;
				GCC_WARN_UNDECLARED_SELECTOR = YES;
				GCC_WARN_UNINITIALIZED_AUTOS = YES_AGGRESSIVE;
				GCC_WARN_UNUSED_FUNCTION = YES;
				GCC_WARN_UNUSED_VARIABLE = YES;
				IPHONEOS_DEPLOYMENT_TARGET = 17.5;
				LOCALIZATION_PREFERS_STRING_CATALOGS = YES;
				MTL_ENABLE_DEBUG_INFO = INCLUDE_SOURCE;
				MTL_FAST_MATH = YES;
				ONLY_ACTIVE_ARCH = YES;
				SDKROOT = iphoneos;
				SWIFT_ACTIVE_COMPILATION_CONDITIONS = "DEBUG $(inherited)";
				SWIFT_OPTIMIZATION_LEVEL = "-Onone";
			};
			name = Debug;
		};
		E2D7CD192C8DEF3C00821746 /* Release */ = {
			isa = XCBuildConfiguration;
			buildSettings = {
				ALWAYS_SEARCH_USER_PATHS = NO;
				ASSETCATALOG_COMPILER_GENERATE_SWIFT_ASSET_SYMBOL_EXTENSIONS = YES;
				CLANG_ANALYZER_NONNULL = YES;
				CLANG_ANALYZER_NUMBER_OBJECT_CONVERSION = YES_AGGRESSIVE;
				CLANG_CXX_LANGUAGE_STANDARD = "gnu++20";
				CLANG_ENABLE_MODULES = YES;
				CLANG_ENABLE_OBJC_ARC = YES;
				CLANG_ENABLE_OBJC_WEAK = YES;
				CLANG_WARN_BLOCK_CAPTURE_AUTORELEASING = YES;
				CLANG_WARN_BOOL_CONVERSION = YES;
				CLANG_WARN_COMMA = YES;
				CLANG_WARN_CONSTANT_CONVERSION = YES;
				CLANG_WARN_DEPRECATED_OBJC_IMPLEMENTATIONS = YES;
				CLANG_WARN_DIRECT_OBJC_ISA_USAGE = YES_ERROR;
				CLANG_WARN_DOCUMENTATION_COMMENTS = YES;
				CLANG_WARN_EMPTY_BODY = YES;
				CLANG_WARN_ENUM_CONVERSION = YES;
				CLANG_WARN_INFINITE_RECURSION = YES;
				CLANG_WARN_INT_CONVERSION = YES;
				CLANG_WARN_NON_LITERAL_NULL_CONVERSION = YES;
				CLANG_WARN_OBJC_IMPLICIT_RETAIN_SELF = YES;
				CLANG_WARN_OBJC_LITERAL_CONVERSION = YES;
				CLANG_WARN_OBJC_ROOT_CLASS = YES_ERROR;
				CLANG_WARN_QUOTED_INCLUDE_IN_FRAMEWORK_HEADER = YES;
				CLANG_WARN_RANGE_LOOP_ANALYSIS = YES;
				CLANG_WARN_STRICT_PROTOTYPES = YES;
				CLANG_WARN_SUSPICIOUS_MOVE = YES;
				CLANG_WARN_UNGUARDED_AVAILABILITY = YES_AGGRESSIVE;
				CLANG_WARN_UNREACHABLE_CODE = YES;
				CLANG_WARN__DUPLICATE_METHOD_MATCH = YES;
				COPY_PHASE_STRIP = NO;
				DEBUG_INFORMATION_FORMAT = "dwarf-with-dsym";
				ENABLE_NS_ASSERTIONS = NO;
				ENABLE_STRICT_OBJC_MSGSEND = YES;
				ENABLE_USER_SCRIPT_SANDBOXING = YES;
				GCC_C_LANGUAGE_STANDARD = gnu17;
				GCC_NO_COMMON_BLOCKS = YES;
				GCC_WARN_64_TO_32_BIT_CONVERSION = YES;
				GCC_WARN_ABOUT_RETURN_TYPE = YES_ERROR;
				GCC_WARN_UNDECLARED_SELECTOR = YES;
				GCC_WARN_UNINITIALIZED_AUTOS = YES_AGGRESSIVE;
				GCC_WARN_UNUSED_FUNCTION = YES;
				GCC_WARN_UNUSED_VARIABLE = YES;
				IPHONEOS_DEPLOYMENT_TARGET = 17.5;
				LOCALIZATION_PREFERS_STRING_CATALOGS = YES;
				MTL_ENABLE_DEBUG_INFO = NO;
				MTL_FAST_MATH = YES;
				SDKROOT = iphoneos;
				SWIFT_COMPILATION_MODE = wholemodule;
				VALIDATE_PRODUCT = YES;
			};
			name = Release;
		};
		E2D7CD1B2C8DEF3C00821746 /* Debug */ = {
			isa = XCBuildConfiguration;
			buildSettings = {
				ASSETCATALOG_COMPILER_APPICON_NAME = AppIcon;
				ASSETCATALOG_COMPILER_GLOBAL_ACCENT_COLOR_NAME = AccentColor;
				CODE_SIGN_STYLE = Automatic;
				CURRENT_PROJECT_VERSION = 1;
				DEVELOPMENT_TEAM = G2Z3KJVPLW;
				GENERATE_INFOPLIST_FILE = YES;
				INFOPLIST_FILE = ImageFeedTestApp/Info.plist;
				INFOPLIST_KEY_UIApplicationSupportsIndirectInputEvents = YES;
				INFOPLIST_KEY_UILaunchStoryboardName = LaunchScreen;
				INFOPLIST_KEY_UISupportedInterfaceOrientations_iPad = "UIInterfaceOrientationPortrait UIInterfaceOrientationPortraitUpsideDown UIInterfaceOrientationLandscapeLeft UIInterfaceOrientationLandscapeRight";
				INFOPLIST_KEY_UISupportedInterfaceOrientations_iPhone = "UIInterfaceOrientationPortrait UIInterfaceOrientationLandscapeLeft UIInterfaceOrientationLandscapeRight";
				IPHONEOS_DEPLOYMENT_TARGET = 16.0;
				LD_RUNPATH_SEARCH_PATHS = (
					"$(inherited)",
					"@executable_path/Frameworks",
				);
				MARKETING_VERSION = 1.0;
				PRODUCT_BUNDLE_IDENTIFIER = com.agaripov.ImageFeedTestApp;
				PRODUCT_NAME = "$(TARGET_NAME)";
				SUPPORTED_PLATFORMS = "iphoneos iphonesimulator";
				SUPPORTS_MACCATALYST = NO;
				SUPPORTS_MAC_DESIGNED_FOR_IPHONE_IPAD = NO;
				SUPPORTS_XR_DESIGNED_FOR_IPHONE_IPAD = NO;
				SWIFT_EMIT_LOC_STRINGS = YES;
				SWIFT_VERSION = 5.0;
				TARGETED_DEVICE_FAMILY = 1;
			};
			name = Debug;
		};
		E2D7CD1C2C8DEF3C00821746 /* Release */ = {
			isa = XCBuildConfiguration;
			buildSettings = {
				ASSETCATALOG_COMPILER_APPICON_NAME = AppIcon;
				ASSETCATALOG_COMPILER_GLOBAL_ACCENT_COLOR_NAME = AccentColor;
				CODE_SIGN_STYLE = Automatic;
				CURRENT_PROJECT_VERSION = 1;
				DEVELOPMENT_TEAM = G2Z3KJVPLW;
				GENERATE_INFOPLIST_FILE = YES;
				INFOPLIST_FILE = ImageFeedTestApp/Info.plist;
				INFOPLIST_KEY_UIApplicationSupportsIndirectInputEvents = YES;
				INFOPLIST_KEY_UILaunchStoryboardName = LaunchScreen;
				INFOPLIST_KEY_UISupportedInterfaceOrientations_iPad = "UIInterfaceOrientationPortrait UIInterfaceOrientationPortraitUpsideDown UIInterfaceOrientationLandscapeLeft UIInterfaceOrientationLandscapeRight";
				INFOPLIST_KEY_UISupportedInterfaceOrientations_iPhone = "UIInterfaceOrientationPortrait UIInterfaceOrientationLandscapeLeft UIInterfaceOrientationLandscapeRight";
				IPHONEOS_DEPLOYMENT_TARGET = 16.0;
				LD_RUNPATH_SEARCH_PATHS = (
					"$(inherited)",
					"@executable_path/Frameworks",
				);
				MARKETING_VERSION = 1.0;
				PRODUCT_BUNDLE_IDENTIFIER = com.agaripov.ImageFeedTestApp;
				PRODUCT_NAME = "$(TARGET_NAME)";
				SUPPORTED_PLATFORMS = "iphoneos iphonesimulator";
				SUPPORTS_MACCATALYST = NO;
				SUPPORTS_MAC_DESIGNED_FOR_IPHONE_IPAD = NO;
				SUPPORTS_XR_DESIGNED_FOR_IPHONE_IPAD = NO;
				SWIFT_EMIT_LOC_STRINGS = YES;
				SWIFT_VERSION = 5.0;
				TARGETED_DEVICE_FAMILY = 1;
			};
			name = Release;
		};
/* End XCBuildConfiguration section */

/* Begin XCConfigurationList section */
		E2D7CD012C8DEF3B00821746 /* Build configuration list for PBXProject "ImageFeedTestApp" */ = {
			isa = XCConfigurationList;
			buildConfigurations = (
				E2D7CD182C8DEF3C00821746 /* Debug */,
				E2D7CD192C8DEF3C00821746 /* Release */,
			);
			defaultConfigurationIsVisible = 0;
			defaultConfigurationName = Release;
		};
		E2D7CD1A2C8DEF3C00821746 /* Build configuration list for PBXNativeTarget "ImageFeedTestApp" */ = {
			isa = XCConfigurationList;
			buildConfigurations = (
				E2D7CD1B2C8DEF3C00821746 /* Debug */,
				E2D7CD1C2C8DEF3C00821746 /* Release */,
			);
			defaultConfigurationIsVisible = 0;
			defaultConfigurationName = Release;
		};
/* End XCConfigurationList section */
	};
	rootObject = E2D7CCFE2C8DEF3B00821746 /* Project object */;
}
